
Microsoft Visual Studio Solution File, Format Version 12.00
# Visual Studio 15
VisualStudioVersion = 15.0.27130.2010
MinimumVisualStudioVersion = 10.0.40219.1
Project("{9A19103F-16F7-4668-BE54-9A1E7A4F7556}") = "MockServer.Net.Client", "MockServer.Net.Client\MockServer.Net.Client.csproj", "{DC3FCF92-FC65-4A83-8EE1-5EF2B028A519}"
EndProject
Project("{9A19103F-16F7-4668-BE54-9A1E7A4F7556}") = "MockServer.Net.Client.UnitTests", "MockServer.Net.Client.Tests\MockServer.Net.Client.UnitTests.csproj", "{EDE738F4-DD3E-43BF-92B2-FC8D08D4CAF3}"
EndProject
Project("{FAE04EC0-301F-11D3-BF4B-00C04F79EFBC}") = "MockServer.Net.Client.IntegrationTests", "MockServer.Net.Client.IntegrationTests\MockServer.Net.Client.IntegrationTests.csproj", "{7DA581AD-D041-40A3-9AE9-3DD2BC423E03}"
EndProject
Global
	GlobalSection(SolutionConfigurationPlatforms) = preSolution
		Debug|Any CPU = Debug|Any CPU
		Release|Any CPU = Release|Any CPU
	EndGlobalSection
	GlobalSection(ProjectConfigurationPlatforms) = postSolution
		{DC3FCF92-FC65-4A83-8EE1-5EF2B028A519}.Debug|Any CPU.ActiveCfg = Debug|Any CPU
		{DC3FCF92-FC65-4A83-8EE1-5EF2B028A519}.Debug|Any CPU.Build.0 = Debug|Any CPU
		{DC3FCF92-FC65-4A83-8EE1-5EF2B028A519}.Release|Any CPU.ActiveCfg = Release|Any CPU
		{DC3FCF92-FC65-4A83-8EE1-5EF2B028A519}.Release|Any CPU.Build.0 = Release|Any CPU
		{EDE738F4-DD3E-43BF-92B2-FC8D08D4CAF3}.Debug|Any CPU.ActiveCfg = Debug|Any CPU
		{EDE738F4-DD3E-43BF-92B2-FC8D08D4CAF3}.Debug|Any CPU.Build.0 = Debug|Any CPU
		{EDE738F4-DD3E-43BF-92B2-FC8D08D4CAF3}.Release|Any CPU.ActiveCfg = Release|Any CPU
		{EDE738F4-DD3E-43BF-92B2-FC8D08D4CAF3}.Release|Any CPU.Build.0 = Release|Any CPU
		{7DA581AD-D041-40A3-9AE9-3DD2BC423E03}.Debug|Any CPU.ActiveCfg = Debug|Any CPU
		{7DA581AD-D041-40A3-9AE9-3DD2BC423E03}.Debug|Any CPU.Build.0 = Debug|Any CPU
		{7DA581AD-D041-40A3-9AE9-3DD2BC423E03}.Release|Any CPU.ActiveCfg = Release|Any CPU
		{7DA581AD-D041-40A3-9AE9-3DD2BC423E03}.Release|Any CPU.Build.0 = Release|Any CPU
	EndGlobalSection
	GlobalSection(SolutionProperties) = preSolution
		HideSolutionNode = FALSE
	EndGlobalSection
	GlobalSection(ExtensibilityGlobals) = postSolution
		SolutionGuid = {1C855865-D085-4562-AD5E-770226E11C57}
	EndGlobalSection
EndGlobal
