
Microsoft Visual Studio Solution File, Format Version 12.00
# Visual Studio 15
VisualStudioVersion = 15.0.27130.2010
MinimumVisualStudioVersion = 10.0.40219.1
Project("{FAE04EC0-301F-11D3-BF4B-00C04F79EFBC}") = "MockServer.Net.Client", "MockServer.Net.Client\MockServer.Net.Client.csproj", "{DC3FCF92-FC65-4A83-8EE1-5EF2B028A519}"
EndProject
Global
	GlobalSection(SolutionConfigurationPlatforms) = preSolution
		Debug|Any CPU = Debug|Any CPU
		Release|Any CPU = Release|Any CPU
	EndGlobalSection
	GlobalSection(ProjectConfigurationPlatforms) = postSolution
		{DC3FCF92-FC65-4A83-8EE1-5EF2B028A519}.Debug|Any CPU.ActiveCfg = Debug|Any CPU
		{DC3FCF92-FC65-4A83-8EE1-5EF2B028A519}.Debug|Any CPU.Build.0 = Debug|Any CPU
		{DC3FCF92-FC65-4A83-8EE1-5EF2B028A519}.Release|Any CPU.ActiveCfg = Release|Any CPU
		{DC3FCF92-FC65-4A83-8EE1-5EF2B028A519}.Release|Any CPU.Build.0 = Release|Any CPU
	EndGlobalSection
	GlobalSection(SolutionProperties) = preSolution
		HideSolutionNode = FALSE
	EndGlobalSection
	GlobalSection(ExtensibilityGlobals) = postSolution
		SolutionGuid = {1C855865-D085-4562-AD5E-770226E11C57}
	EndGlobalSection
EndGlobal
