
Microsoft Visual Studio Solution File, Format Version 12.00
# Visual Studio 15
VisualStudioVersion = 15.0.27130.2020
MinimumVisualStudioVersion = 10.0.40219.1
Project("{9A19103F-16F7-4668-BE54-9A1E7A4F7556}") = "MockServer.Net.Client", "MockServer.Net.Client\MockServer.Net.Client.csproj", "{DC3FCF92-FC65-4A83-8EE1-5EF2B028A519}"
EndProject
Project("{9A19103F-16F7-4668-BE54-9A1E7A4F7556}") = "MockServer.Net.Client.UnitTests", "MockServer.Net.Client.Tests\MockServer.Net.Client.UnitTests.csproj", "{EDE738F4-DD3E-43BF-92B2-FC8D08D4CAF3}"
EndProject
Project("{9A19103F-16F7-4668-BE54-9A1E7A4F7556}") = "MockServer.Documentation.Parser", "MockServer.Documentation.Parser\MockServer.Documentation.Parser.csproj", "{29544200-717C-4BD1-9A3E-AEF31C84E7DA}"
EndProject
Project("{9A19103F-16F7-4668-BE54-9A1E7A4F7556}") = "MockServer.Net.Client.IntegrationTests", "MockServer.Net.Client.IntegrationTests\MockServer.Net.Client.IntegrationTests.csproj", "{8EDF4429-251A-416D-BB68-93F227191BCF}"
EndProject
Project("{2150E333-8FDC-42A3-9474-1A3956D46DE8}") = "Solution Items", "Solution Items", "{3D472F20-EB31-4CBD-8A66-2A2FF7B8B8E0}"
	ProjectSection(SolutionItems) = preProject
		appveyor.yaml = appveyor.yaml
	EndProjectSection
EndProject
Global
	GlobalSection(SolutionConfigurationPlatforms) = preSolution
		Debug|Any CPU = Debug|Any CPU
		Release|Any CPU = Release|Any CPU
	EndGlobalSection
	GlobalSection(ProjectConfigurationPlatforms) = postSolution
		{DC3FCF92-FC65-4A83-8EE1-5EF2B028A519}.Debug|Any CPU.ActiveCfg = Debug|Any CPU
		{DC3FCF92-FC65-4A83-8EE1-5EF2B028A519}.Debug|Any CPU.Build.0 = Debug|Any CPU
		{DC3FCF92-FC65-4A83-8EE1-5EF2B028A519}.Release|Any CPU.ActiveCfg = Release|Any CPU
		{DC3FCF92-FC65-4A83-8EE1-5EF2B028A519}.Release|Any CPU.Build.0 = Release|Any CPU
		{EDE738F4-DD3E-43BF-92B2-FC8D08D4CAF3}.Debug|Any CPU.ActiveCfg = Debug|Any CPU
		{EDE738F4-DD3E-43BF-92B2-FC8D08D4CAF3}.Debug|Any CPU.Build.0 = Debug|Any CPU
		{EDE738F4-DD3E-43BF-92B2-FC8D08D4CAF3}.Release|Any CPU.ActiveCfg = Release|Any CPU
		{EDE738F4-DD3E-43BF-92B2-FC8D08D4CAF3}.Release|Any CPU.Build.0 = Release|Any CPU
		{29544200-717C-4BD1-9A3E-AEF31C84E7DA}.Debug|Any CPU.ActiveCfg = Debug|Any CPU
		{29544200-717C-4BD1-9A3E-AEF31C84E7DA}.Debug|Any CPU.Build.0 = Debug|Any CPU
		{29544200-717C-4BD1-9A3E-AEF31C84E7DA}.Release|Any CPU.ActiveCfg = Release|Any CPU
		{29544200-717C-4BD1-9A3E-AEF31C84E7DA}.Release|Any CPU.Build.0 = Release|Any CPU
		{8EDF4429-251A-416D-BB68-93F227191BCF}.Debug|Any CPU.ActiveCfg = Debug|Any CPU
		{8EDF4429-251A-416D-BB68-93F227191BCF}.Debug|Any CPU.Build.0 = Debug|Any CPU
		{8EDF4429-251A-416D-BB68-93F227191BCF}.Release|Any CPU.ActiveCfg = Release|Any CPU
		{8EDF4429-251A-416D-BB68-93F227191BCF}.Release|Any CPU.Build.0 = Release|Any CPU
	EndGlobalSection
	GlobalSection(SolutionProperties) = preSolution
		HideSolutionNode = FALSE
	EndGlobalSection
	GlobalSection(ExtensibilityGlobals) = postSolution
		SolutionGuid = {1C855865-D085-4562-AD5E-770226E11C57}
	EndGlobalSection
EndGlobal
